# This file is autogenerated, do not edit; changes may be undone by the next 'dep ensure'.


[[projects]]
  name = "github.com/timtadh/getopt"
  packages = ["."]
  revision = "29f1208d827b977f2e4060ca9923032b34094187"
  version = "v1.0.0"

[solve-meta]
  analyzer-name = "dep"
  analyzer-version = 1
  inputs-digest = "f1f9e2ace99c97adc376c8724ac0358e78f0c879020909e1f6704fcb4bcdfba7"
  solver-name = "gps-cdcl"
  solver-version = 1
